
Microsoft Visual Studio Solution File, Format Version 12.00
# Visual Studio Version 17
VisualStudioVersion = 17.9.34902.65
MinimumVisualStudioVersion = 10.0.40219.1
Project("{FAE04EC0-301F-11D3-BF4B-00C04F79EFBC}") = "практика 1 тема 2", "практика 1 тема 2\практика 1 тема 2.csproj", "{BC3C9DE4-FCD9-4DD6-B3BA-FA13378AF342}"
EndProject
Global
	GlobalSection(SolutionConfigurationPlatforms) = preSolution
		Debug|Any CPU = Debug|Any CPU
		Release|Any CPU = Release|Any CPU
	EndGlobalSection
	GlobalSection(ProjectConfigurationPlatforms) = postSolution
		{BC3C9DE4-FCD9-4DD6-B3BA-FA13378AF342}.Debug|Any CPU.ActiveCfg = Debug|Any CPU
		{BC3C9DE4-FCD9-4DD6-B3BA-FA13378AF342}.Debug|Any CPU.Build.0 = Debug|Any CPU
		{BC3C9DE4-FCD9-4DD6-B3BA-FA13378AF342}.Release|Any CPU.ActiveCfg = Release|Any CPU
		{BC3C9DE4-FCD9-4DD6-B3BA-FA13378AF342}.Release|Any CPU.Build.0 = Release|Any CPU
	EndGlobalSection
	GlobalSection(SolutionProperties) = preSolution
		HideSolutionNode = FALSE
	EndGlobalSection
	GlobalSection(ExtensibilityGlobals) = postSolution
		SolutionGuid = {38C37150-67B0-4726-A310-F0B470A9D60C}
	EndGlobalSection
EndGlobal
